
Microsoft Visual Studio Solution File, Format Version 12.00
# Visual Studio Version 17
VisualStudioVersion = 17.4.33213.308
MinimumVisualStudioVersion = 10.0.40219.1
Project("{FAE04EC0-301F-11D3-BF4B-00C04F79EFBC}") = "MyProject228", "MyProject228.csproj", "{294956C9-B922-4913-B599-06677EA4EB4A}"
EndProject
Global
	GlobalSection(SolutionConfigurationPlatforms) = preSolution
		Debug|Any CPU = Debug|Any CPU
		Release|Any CPU = Release|Any CPU
	EndGlobalSection
	GlobalSection(ProjectConfigurationPlatforms) = postSolution
		{294956C9-B922-4913-B599-06677EA4EB4A}.Debug|Any CPU.ActiveCfg = Debug|Any CPU
		{294956C9-B922-4913-B599-06677EA4EB4A}.Debug|Any CPU.Build.0 = Debug|Any CPU
		{294956C9-B922-4913-B599-06677EA4EB4A}.Release|Any CPU.ActiveCfg = Release|Any CPU
		{294956C9-B922-4913-B599-06677EA4EB4A}.Release|Any CPU.Build.0 = Release|Any CPU
	EndGlobalSection
	GlobalSection(SolutionProperties) = preSolution
		HideSolutionNode = FALSE
	EndGlobalSection
	GlobalSection(ExtensibilityGlobals) = postSolution
		SolutionGuid = {4AFEF6C8-9CE1-488B-82A9-1EFE90E7DBB1}
	EndGlobalSection
EndGlobal
